
Microsoft Visual Studio Solution File, Format Version 12.00
# Visual Studio 14
VisualStudioVersion = 14.0.25420.1
MinimumVisualStudioVersion = 10.0.40219.1
Project("{FAE04EC0-301F-11D3-BF4B-00C04F79EFBC}") = "KuroCustomControls", "KuroCustomControls\KuroCustomControls.csproj", "{A44065B9-9FBB-47E1-8525-6AE7D8D3A7E7}"
EndProject
Project("{FAE04EC0-301F-11D3-BF4B-00C04F79EFBC}") = "KuroCustomControlsTests", "KuroCustomControlsTests\KuroCustomControlsTests.csproj", "{CEAE0FB4-2759-4647-BF8F-F7ECF39BAA86}"
EndProject
Project("{FAE04EC0-301F-11D3-BF4B-00C04F79EFBC}") = "KuroUtilities", "KuroUtilities\KuroUtilities.csproj", "{FB68560A-C75C-4832-B96E-0A3434AE6B97}"
EndProject
Project("{2150E333-8FDC-42A3-9474-1A3956D46DE8}") = "Documents", "Documents", "{6B0DB2B8-42C6-4289-A9EA-489A28F2B420}"
EndProject
Project("{2150E333-8FDC-42A3-9474-1A3956D46DE8}") = "KuroCustomControls", "KuroCustomControls", "{5EC6B374-CBD7-4786-AB6E-ED550384EA59}"
	ProjectSection(SolutionItems) = preProject
		Document\KuroCustomControls\NumericUpDownControl.md = Document\KuroCustomControls\NumericUpDownControl.md
		Document\KuroCustomControls\OriginalEventArgs.md = Document\KuroCustomControls\OriginalEventArgs.md
		Document\KuroCustomControls\TimePickerControl.md = Document\KuroCustomControls\TimePickerControl.md
	EndProjectSection
EndProject
Global
	GlobalSection(SolutionConfigurationPlatforms) = preSolution
		Debug|Any CPU = Debug|Any CPU
		Release|Any CPU = Release|Any CPU
	EndGlobalSection
	GlobalSection(ProjectConfigurationPlatforms) = postSolution
		{A44065B9-9FBB-47E1-8525-6AE7D8D3A7E7}.Debug|Any CPU.ActiveCfg = Debug|Any CPU
		{A44065B9-9FBB-47E1-8525-6AE7D8D3A7E7}.Debug|Any CPU.Build.0 = Debug|Any CPU
		{A44065B9-9FBB-47E1-8525-6AE7D8D3A7E7}.Release|Any CPU.ActiveCfg = Release|Any CPU
		{A44065B9-9FBB-47E1-8525-6AE7D8D3A7E7}.Release|Any CPU.Build.0 = Release|Any CPU
		{CEAE0FB4-2759-4647-BF8F-F7ECF39BAA86}.Debug|Any CPU.ActiveCfg = Debug|Any CPU
		{CEAE0FB4-2759-4647-BF8F-F7ECF39BAA86}.Debug|Any CPU.Build.0 = Debug|Any CPU
		{CEAE0FB4-2759-4647-BF8F-F7ECF39BAA86}.Release|Any CPU.ActiveCfg = Release|Any CPU
		{CEAE0FB4-2759-4647-BF8F-F7ECF39BAA86}.Release|Any CPU.Build.0 = Release|Any CPU
		{FB68560A-C75C-4832-B96E-0A3434AE6B97}.Debug|Any CPU.ActiveCfg = Debug|Any CPU
		{FB68560A-C75C-4832-B96E-0A3434AE6B97}.Debug|Any CPU.Build.0 = Debug|Any CPU
		{FB68560A-C75C-4832-B96E-0A3434AE6B97}.Release|Any CPU.ActiveCfg = Release|Any CPU
		{FB68560A-C75C-4832-B96E-0A3434AE6B97}.Release|Any CPU.Build.0 = Release|Any CPU
	EndGlobalSection
	GlobalSection(SolutionProperties) = preSolution
		HideSolutionNode = FALSE
	EndGlobalSection
	GlobalSection(NestedProjects) = preSolution
		{5EC6B374-CBD7-4786-AB6E-ED550384EA59} = {6B0DB2B8-42C6-4289-A9EA-489A28F2B420}
	EndGlobalSection
EndGlobal
